Microsoft Visual Studio Solution File, Format Version 12.00
# Visual Studio Version 17
VisualStudioVersion = 17.5.2.0
MinimumVisualStudioVersion = 10.0.40219.1
Project("{FAE04EC0-301F-11D3-BF4B-00C04F79EFBC}") = "CmdHub", "CmdHub.csproj", "{1281010C-07ED-85CE-0CBA-7AFF64ADEDEB}"
EndProject
Global
	GlobalSection(SolutionConfigurationPlatforms) = preSolution
		Debug|Any CPU = Debug|Any CPU
		Release|Any CPU = Release|Any CPU
	EndGlobalSection
	GlobalSection(ProjectConfigurationPlatforms) = postSolution
		{1281010C-07ED-85CE-0CBA-7AFF64ADEDEB}.Debug|Any CPU.ActiveCfg = Debug|Any CPU
		{1281010C-07ED-85CE-0CBA-7AFF64ADEDEB}.Debug|Any CPU.Build.0 = Debug|Any CPU
		{1281010C-07ED-85CE-0CBA-7AFF64ADEDEB}.Release|Any CPU.ActiveCfg = Release|Any CPU
		{1281010C-07ED-85CE-0CBA-7AFF64ADEDEB}.Release|Any CPU.Build.0 = Release|Any CPU
	EndGlobalSection
	GlobalSection(SolutionProperties) = preSolution
		HideSolutionNode = FALSE
	EndGlobalSection
	GlobalSection(ExtensibilityGlobals) = postSolution
		SolutionGuid = {57075228-DDBC-4F44-A371-5F0F4AC489BE}
	EndGlobalSection
EndGlobal
